PODS:
  - PKCCheck (0.1.3)
  - PKCCrop (0.1.0):
    - PKCCheck

DEPENDENCIES:
  - PKCCheck
  - PKCCrop (from `../`)

EXTERNAL SOURCES:
  PKCCrop:
    :path: ../

SPEC CHECKSUMS:
  PKCCheck: 8b549a24dd139efac475fd88faf0a42597e330b1
  PKCCrop: 9fd57574f30fc4e17f26fba5299069a23ebaf80b

PODFILE CHECKSUM: 2175b948a9c541b4ec2eeb108dbbf44454414fb0

COCOAPODS: 1.1.1
