PODS:
  - PKCCheck (0.1.3)
  - PKCCrop (0.1.4)

DEPENDENCIES:
  - PKCCheck
  - PKCCrop (from `../`)

EXTERNAL SOURCES:
  PKCCrop:
    :path: ../

SPEC CHECKSUMS:
  PKCCheck: 8b549a24dd139efac475fd88faf0a42597e330b1
  PKCCrop: 3893dd03ce840e4242292bbdcc495d1535b47fbd

PODFILE CHECKSUM: 2175b948a9c541b4ec2eeb108dbbf44454414fb0

COCOAPODS: 1.1.1
